{
  "version": 4,
  "terraform_version": "1.4.2",
  "serial": 6,
  "lineage": "f2f1e642-8ad7-09a8-0edf-de33dcb5e29a",
  "outputs": {
    "vmIdOut": {
      "value": "/subscriptions/88e8e09d-7786-4612-80f7-7a540580c6c4/resourceGroups/rg-intern-project-001/providers/Microsoft.Compute/virtualMachines/DSVWDITEUS1001",
      "type": "string"
    },
    "vmIpOut": {
      "value": [
        "10.0.0.4"
      ],
      "type": [
        "list",
        "string"
      ]
    }
  },
  "resources": [
    {
      "mode": "data",
      "type": "azurerm_resource_group",
      "name": "resource_group",
      "provider": "provider[\"registry.terraform.io/hashicorp/azurerm\"]",
      "instances": [
        {
          "schema_version": 0,
          "attributes": {
            "id": "/subscriptions/88e8e09d-7786-4612-80f7-7a540580c6c4/resourceGroups/rg-intern-project-001",
            "location": "eastus",
            "name": "rg-intern-project-001",
            "tags": {
              "Environment": "TEST",
              "Location": "EUS",
              "OpCo": "DIT"
            },
            "timeouts": null
          },
          "sensitive_attributes": []
        }
      ]
    },
    {
      "mode": "data",
      "type": "azurerm_subnet",
      "name": "subnet",
      "provider": "provider[\"registry.terraform.io/hashicorp/azurerm\"]",
      "instances": [
        {
          "schema_version": 0,
          "attributes": {
            "address_prefix": "10.0.0.0/27",
            "address_prefixes": [
              "10.0.0.0/27"
            ],
            "enforce_private_link_endpoint_network_policies": false,
            "enforce_private_link_service_network_policies": false,
            "id": "/subscriptions/88e8e09d-7786-4612-80f7-7a540580c6c4/resourceGroups/rg-intern-project-001/providers/Microsoft.Network/virtualNetworks/vnet-ip-001/subnets/snet-ip-001",
            "name": "snet-ip-001",
            "network_security_group_id": "/subscriptions/88e8e09d-7786-4612-80f7-7a540580c6c4/resourceGroups/rg-intern-project-001/providers/Microsoft.Network/networkSecurityGroups/snet-ip-001-nsg",
            "resource_group_name": "rg-intern-project-001",
            "route_table_id": "",
            "service_endpoints": [],
            "timeouts": null,
            "virtual_network_name": "vnet-ip-001"
          },
          "sensitive_attributes": []
        }
      ]
    },
    {
      "mode": "data",
      "type": "azurerm_virtual_network",
      "name": "vnet",
      "provider": "provider[\"registry.terraform.io/hashicorp/azurerm\"]",
      "instances": [
        {
          "schema_version": 0,
          "attributes": {
            "address_space": [
              "10.0.0.0/24"
            ],
            "dns_servers": null,
            "guid": "736ddeb6-8ecf-4659-aec6-629f43e3e23f",
            "id": "/subscriptions/88e8e09d-7786-4612-80f7-7a540580c6c4/resourceGroups/rg-intern-project-001/providers/Microsoft.Network/virtualNetworks/vnet-ip-001",
            "location": "eastus",
            "name": "vnet-ip-001",
            "resource_group_name": "rg-intern-project-001",
            "subnets": [
              "snet-ip-001",
              "snet-ip-002",
              "AzureBastionSubnet"
            ],
            "tags": {},
            "timeouts": null,
            "vnet_peerings": {}
          },
          "sensitive_attributes": []
        }
      ]
    },
    {
      "mode": "managed",
      "type": "azurerm_network_interface",
      "name": "netinterface",
      "provider": "provider[\"registry.terraform.io/hashicorp/azurerm\"]",
      "instances": [
        {
          "schema_version": 0,
          "attributes": {
            "applied_dns_servers": [],
            "dns_servers": [],
            "enable_accelerated_networking": false,
            "enable_ip_forwarding": false,
            "id": "/subscriptions/88e8e09d-7786-4612-80f7-7a540580c6c4/resourceGroups/rg-intern-project-001/providers/Microsoft.Network/networkInterfaces/DSVWDITEUS1001-nic",
            "internal_dns_name_label": "",
            "internal_domain_name_suffix": "w1pg024przmunlwgmkpuhy5chh.bx.internal.cloudapp.net",
            "ip_configuration": [
              {
                "gateway_load_balancer_frontend_ip_configuration_id": "",
                "name": "internal",
                "primary": true,
                "private_ip_address": "10.0.0.4",
                "private_ip_address_allocation": "Dynamic",
                "private_ip_address_version": "IPv4",
                "public_ip_address_id": "",
                "subnet_id": "/subscriptions/88e8e09d-7786-4612-80f7-7a540580c6c4/resourceGroups/rg-intern-project-001/providers/Microsoft.Network/virtualNetworks/vnet-ip-001/subnets/snet-ip-001"
              }
            ],
            "location": "eastus",
            "mac_address": "",
            "name": "DSVWDITEUS1001-nic",
            "private_ip_address": "10.0.0.4",
            "private_ip_addresses": [
              "10.0.0.4"
            ],
            "resource_group_name": "rg-intern-project-001",
            "tags": null,
            "timeouts": null,
            "virtual_machine_id": ""
          },
          "sensitive_attributes": [],
          "private": "eyJlMmJmYjczMC1lY2FhLTExZTYtOGY4OC0zNDM2M2JjN2M0YzAiOnsiY3JlYXRlIjoxODAwMDAwMDAwMDAwLCJkZWxldGUiOjE4MDAwMDAwMDAwMDAsInJlYWQiOjMwMDAwMDAwMDAwMCwidXBkYXRlIjoxODAwMDAwMDAwMDAwfX0=",
          "dependencies": [
            "data.azurerm_resource_group.resource_group",
            "data.azurerm_subnet.subnet"
          ]
        }
      ]
    },
    {
      "mode": "managed",
      "type": "azurerm_windows_virtual_machine",
      "name": "vm",
      "provider": "provider[\"registry.terraform.io/hashicorp/azurerm\"]",
      "instances": [
        {
          "schema_version": 0,
          "attributes": {
            "additional_capabilities": [],
            "additional_unattend_content": [],
            "admin_password": "hliseh\u0026908KHI!!@#",
            "admin_username": "terraformUser",
            "allow_extension_operations": true,
            "availability_set_id": "",
            "boot_diagnostics": [],
            "computer_name": "DSVWDITEUS1001",
            "custom_data": null,
            "dedicated_host_group_id": "",
            "dedicated_host_id": "",
            "enable_automatic_updates": false,
            "encryption_at_host_enabled": false,
            "eviction_policy": "",
            "extensions_time_budget": "PT1H30M",
            "hotpatching_enabled": false,
            "id": "/subscriptions/88e8e09d-7786-4612-80f7-7a540580c6c4/resourceGroups/rg-intern-project-001/providers/Microsoft.Compute/virtualMachines/DSVWDITEUS1001",
            "identity": [],
            "license_type": "Windows_Server",
            "location": "eastus",
            "max_bid_price": -1,
            "name": "DSVWDITEUS1001",
            "network_interface_ids": [
              "/subscriptions/88e8e09d-7786-4612-80f7-7a540580c6c4/resourceGroups/rg-intern-project-001/providers/Microsoft.Network/networkInterfaces/DSVWDITEUS1001-nic"
            ],
            "os_disk": [
              {
                "caching": "ReadWrite",
                "diff_disk_settings": [],
                "disk_encryption_set_id": "",
                "disk_size_gb": 127,
                "name": "DSVWDITEUS1001_OsDisk_1_46150283c92e476f910be8b41c2dbb72",
                "storage_account_type": "StandardSSD_LRS",
                "write_accelerator_enabled": false
              }
            ],
            "patch_mode": "Manual",
            "plan": [],
            "platform_fault_domain": -1,
            "priority": "Regular",
            "private_ip_address": "10.0.0.4",
            "private_ip_addresses": [
              "10.0.0.4"
            ],
            "provision_vm_agent": true,
            "proximity_placement_group_id": "",
            "public_ip_address": "",
            "public_ip_addresses": [],
            "resource_group_name": "rg-intern-project-001",
            "secret": [],
            "secure_boot_enabled": false,
            "size": "Standard_D4s_v5",
            "source_image_id": "",
            "source_image_reference": [
              {
                "offer": "WindowsServer",
                "publisher": "MicrosoftWindowsServer",
                "sku": "2019-Datacenter",
                "version": "latest"
              }
            ],
            "tags": {
              "OpCo": "DIT",
              "environment": "test",
              "location": "EUS"
            },
            "timeouts": null,
            "timezone": "",
            "user_data": "",
            "virtual_machine_id": "a4e0b2c0-eb7a-4f57-bb55-c5d22dd55ed9",
            "virtual_machine_scale_set_id": "",
            "vtpm_enabled": false,
            "winrm_listener": [],
            "zone": ""
          },
          "sensitive_attributes": [
            [
              {
                "type": "get_attr",
                "value": "admin_password"
              }
            ]
          ],
          "private": "eyJlMmJmYjczMC1lY2FhLTExZTYtOGY4OC0zNDM2M2JjN2M0YzAiOnsiY3JlYXRlIjoyNzAwMDAwMDAwMDAwLCJkZWxldGUiOjI3MDAwMDAwMDAwMDAsInJlYWQiOjMwMDAwMDAwMDAwMCwidXBkYXRlIjoyNzAwMDAwMDAwMDAwfX0=",
          "dependencies": [
            "azurerm_network_interface.netinterface",
            "data.azurerm_resource_group.resource_group",
            "data.azurerm_subnet.subnet"
          ]
        }
      ]
    }
  ],
  "check_results": null
}
